
Microsoft Visual Studio Solution File, Format Version 12.00
# Visual Studio 14
VisualStudioVersion = 14.0.25420.1
MinimumVisualStudioVersion = 10.0.40219.1
Project("{FAE04EC0-301F-11D3-BF4B-00C04F79EFBC}") = "LaunchPal", "LaunchPal\LaunchPal\LaunchPal.csproj", "{15E56F20-E0AB-43A0-8138-73746EA19319}"
EndProject
Project("{FAE04EC0-301F-11D3-BF4B-00C04F79EFBC}") = "LaunchPal.Droid", "LaunchPal\LaunchPal.Droid\LaunchPal.Droid.csproj", "{1BE6D4AF-3A46-451D-8E32-10EE0522D33C}"
EndProject
Project("{FAE04EC0-301F-11D3-BF4B-00C04F79EFBC}") = "LaunchPal.WinPhone", "LaunchPal\LaunchPal.WinPhone\LaunchPal.WinPhone.csproj", "{C1EE0836-0492-42DB-AE31-A724B71F953E}"
EndProject
Project("{FAE04EC0-301F-11D3-BF4B-00C04F79EFBC}") = "LaunchPal.UWP", "LaunchPal\LaunchPal.UWP\LaunchPal.UWP.csproj", "{0EA93DF1-6D36-4C40-8455-D8361F4ABF2C}"
EndProject
Project("{FAE04EC0-301F-11D3-BF4B-00C04F79EFBC}") = "LaunchPal.Windows", "LaunchPal\LaunchPal.Windows\LaunchPal.Windows.csproj", "{C4B0E81A-4532-4AF8-AF05-F50B664999D6}"
EndProject
Project("{FAE04EC0-301F-11D3-BF4B-00C04F79EFBC}") = "LaunchPal.Website", "LaunchPal\LaunchPal.Website\LaunchPal.Website.csproj", "{F32185EF-2D9E-4C24-AA08-D69F917B060F}"
EndProject
Project("{FAE04EC0-301F-11D3-BF4B-00C04F79EFBC}") = "LaunchPal.iOS", "LaunchPal\LaunchPal.iOS\LaunchPal.iOS.csproj", "{78525B9C-1D8D-496C-B70C-9C1C3C76C0DD}"
EndProject
Global
	GlobalSection(SolutionConfigurationPlatforms) = preSolution
		Ad-Hoc|Any CPU = Ad-Hoc|Any CPU
		Ad-Hoc|ARM = Ad-Hoc|ARM
		Ad-Hoc|iPhone = Ad-Hoc|iPhone
		Ad-Hoc|iPhoneSimulator = Ad-Hoc|iPhoneSimulator
		Ad-Hoc|x64 = Ad-Hoc|x64
		Ad-Hoc|x86 = Ad-Hoc|x86
		AppStore|Any CPU = AppStore|Any CPU
		AppStore|ARM = AppStore|ARM
		AppStore|iPhone = AppStore|iPhone
		AppStore|iPhoneSimulator = AppStore|iPhoneSimulator
		AppStore|x64 = AppStore|x64
		AppStore|x86 = AppStore|x86
		Debug|Any CPU = Debug|Any CPU
		Debug|ARM = Debug|ARM
		Debug|iPhone = Debug|iPhone
		Debug|iPhoneSimulator = Debug|iPhoneSimulator
		Debug|x64 = Debug|x64
		Debug|x86 = Debug|x86
		Release|Any CPU = Release|Any CPU
		Release|ARM = Release|ARM
		Release|iPhone = Release|iPhone
		Release|iPhoneSimulator = Release|iPhoneSimulator
		Release|x64 = Release|x64
		Release|x86 = Release|x86
	EndGlobalSection
	GlobalSection(ProjectConfigurationPlatforms) = postSolution
		{15E56F20-E0AB-43A0-8138-73746EA19319}.Ad-Hoc|Any CPU.ActiveCfg = Release|Any CPU
		{15E56F20-E0AB-43A0-8138-73746EA19319}.Ad-Hoc|Any CPU.Build.0 = Release|Any CPU
		{15E56F20-E0AB-43A0-8138-73746EA19319}.Ad-Hoc|ARM.ActiveCfg = Release|Any CPU
		{15E56F20-E0AB-43A0-8138-73746EA19319}.Ad-Hoc|ARM.Build.0 = Release|Any CPU
		{15E56F20-E0AB-43A0-8138-73746EA19319}.Ad-Hoc|iPhone.ActiveCfg = Release|Any CPU
		{15E56F20-E0AB-43A0-8138-73746EA19319}.Ad-Hoc|iPhone.Build.0 = Release|Any CPU
		{15E56F20-E0AB-43A0-8138-73746EA19319}.Ad-Hoc|iPhoneSimulator.ActiveCfg = Release|Any CPU
		{15E56F20-E0AB-43A0-8138-73746EA19319}.Ad-Hoc|iPhoneSimulator.Build.0 = Release|Any CPU
		{15E56F20-E0AB-43A0-8138-73746EA19319}.Ad-Hoc|x64.ActiveCfg = Release|Any CPU
		{15E56F20-E0AB-43A0-8138-73746EA19319}.Ad-Hoc|x64.Build.0 = Release|Any CPU
		{15E56F20-E0AB-43A0-8138-73746EA19319}.Ad-Hoc|x86.ActiveCfg = Release|Any CPU
		{15E56F20-E0AB-43A0-8138-73746EA19319}.Ad-Hoc|x86.Build.0 = Release|Any CPU
		{15E56F20-E0AB-43A0-8138-73746EA19319}.AppStore|Any CPU.ActiveCfg = Release|Any CPU
		{15E56F20-E0AB-43A0-8138-73746EA19319}.AppStore|Any CPU.Build.0 = Release|Any CPU
		{15E56F20-E0AB-43A0-8138-73746EA19319}.AppStore|ARM.ActiveCfg = Release|Any CPU
		{15E56F20-E0AB-43A0-8138-73746EA19319}.AppStore|ARM.Build.0 = Release|Any CPU
		{15E56F20-E0AB-43A0-8138-73746EA19319}.AppStore|iPhone.ActiveCfg = Release|Any CPU
		{15E56F20-E0AB-43A0-8138-73746EA19319}.AppStore|iPhone.Build.0 = Release|Any CPU
		{15E56F20-E0AB-43A0-8138-73746EA19319}.AppStore|iPhoneSimulator.ActiveCfg = Release|Any CPU
		{15E56F20-E0AB-43A0-8138-73746EA19319}.AppStore|iPhoneSimulator.Build.0 = Release|Any CPU
		{15E56F20-E0AB-43A0-8138-73746EA19319}.AppStore|x64.ActiveCfg = Release|Any CPU
		{15E56F20-E0AB-43A0-8138-73746EA19319}.AppStore|x64.Build.0 = Release|Any CPU
		{15E56F20-E0AB-43A0-8138-73746EA19319}.AppStore|x86.ActiveCfg = Release|Any CPU
		{15E56F20-E0AB-43A0-8138-73746EA19319}.AppStore|x86.Build.0 = Release|Any CPU
		{15E56F20-E0AB-43A0-8138-73746EA19319}.Debug|Any CPU.ActiveCfg = Debug|Any CPU
		{15E56F20-E0AB-43A0-8138-73746EA19319}.Debug|Any CPU.Build.0 = Debug|Any CPU
		{15E56F20-E0AB-43A0-8138-73746EA19319}.Debug|ARM.ActiveCfg = Debug|Any CPU
		{15E56F20-E0AB-43A0-8138-73746EA19319}.Debug|ARM.Build.0 = Debug|Any CPU
		{15E56F20-E0AB-43A0-8138-73746EA19319}.Debug|iPhone.ActiveCfg = Debug|Any CPU
		{15E56F20-E0AB-43A0-8138-73746EA19319}.Debug|iPhone.Build.0 = Debug|Any CPU
		{15E56F20-E0AB-43A0-8138-73746EA19319}.Debug|iPhoneSimulator.ActiveCfg = Debug|Any CPU
		{15E56F20-E0AB-43A0-8138-73746EA19319}.Debug|iPhoneSimulator.Build.0 = Debug|Any CPU
		{15E56F20-E0AB-43A0-8138-73746EA19319}.Debug|x64.ActiveCfg = Debug|Any CPU
		{15E56F20-E0AB-43A0-8138-73746EA19319}.Debug|x64.Build.0 = Debug|Any CPU
		{15E56F20-E0AB-43A0-8138-73746EA19319}.Debug|x86.ActiveCfg = Debug|Any CPU
		{15E56F20-E0AB-43A0-8138-73746EA19319}.Debug|x86.Build.0 = Debug|Any CPU
		{15E56F20-E0AB-43A0-8138-73746EA19319}.Release|Any CPU.ActiveCfg = Release|Any CPU
		{15E56F20-E0AB-43A0-8138-73746EA19319}.Release|Any CPU.Build.0 = Release|Any CPU
		{15E56F20-E0AB-43A0-8138-73746EA19319}.Release|ARM.ActiveCfg = Release|Any CPU
		{15E56F20-E0AB-43A0-8138-73746EA19319}.Release|ARM.Build.0 = Release|Any CPU
		{15E56F20-E0AB-43A0-8138-73746EA19319}.Release|iPhone.ActiveCfg = Release|Any CPU
		{15E56F20-E0AB-43A0-8138-73746EA19319}.Release|iPhone.Build.0 = Release|Any CPU
		{15E56F20-E0AB-43A0-8138-73746EA19319}.Release|iPhoneSimulator.ActiveCfg = Release|Any CPU
		{15E56F20-E0AB-43A0-8138-73746EA19319}.Release|iPhoneSimulator.Build.0 = Release|Any CPU
		{15E56F20-E0AB-43A0-8138-73746EA19319}.Release|x64.ActiveCfg = Release|Any CPU
		{15E56F20-E0AB-43A0-8138-73746EA19319}.Release|x64.Build.0 = Release|Any CPU
		{15E56F20-E0AB-43A0-8138-73746EA19319}.Release|x86.ActiveCfg = Release|Any CPU
		{15E56F20-E0AB-43A0-8138-73746EA19319}.Release|x86.Build.0 = Release|Any CPU
		{1BE6D4AF-3A46-451D-8E32-10EE0522D33C}.Ad-Hoc|Any CPU.ActiveCfg = Release|Any CPU
		{1BE6D4AF-3A46-451D-8E32-10EE0522D33C}.Ad-Hoc|Any CPU.Build.0 = Release|Any CPU
		{1BE6D4AF-3A46-451D-8E32-10EE0522D33C}.Ad-Hoc|Any CPU.Deploy.0 = Release|Any CPU
		{1BE6D4AF-3A46-451D-8E32-10EE0522D33C}.Ad-Hoc|ARM.ActiveCfg = Release|Any CPU
		{1BE6D4AF-3A46-451D-8E32-10EE0522D33C}.Ad-Hoc|ARM.Build.0 = Release|Any CPU
		{1BE6D4AF-3A46-451D-8E32-10EE0522D33C}.Ad-Hoc|ARM.Deploy.0 = Release|Any CPU
		{1BE6D4AF-3A46-451D-8E32-10EE0522D33C}.Ad-Hoc|iPhone.ActiveCfg = Release|Any CPU
		{1BE6D4AF-3A46-451D-8E32-10EE0522D33C}.Ad-Hoc|iPhone.Build.0 = Release|Any CPU
		{1BE6D4AF-3A46-451D-8E32-10EE0522D33C}.Ad-Hoc|iPhone.Deploy.0 = Release|Any CPU
		{1BE6D4AF-3A46-451D-8E32-10EE0522D33C}.Ad-Hoc|iPhoneSimulator.ActiveCfg = Release|Any CPU
		{1BE6D4AF-3A46-451D-8E32-10EE0522D33C}.Ad-Hoc|iPhoneSimulator.Build.0 = Release|Any CPU
		{1BE6D4AF-3A46-451D-8E32-10EE0522D33C}.Ad-Hoc|iPhoneSimulator.Deploy.0 = Release|Any CPU
		{1BE6D4AF-3A46-451D-8E32-10EE0522D33C}.Ad-Hoc|x64.ActiveCfg = Release|Any CPU
		{1BE6D4AF-3A46-451D-8E32-10EE0522D33C}.Ad-Hoc|x64.Build.0 = Release|Any CPU
		{1BE6D4AF-3A46-451D-8E32-10EE0522D33C}.Ad-Hoc|x64.Deploy.0 = Release|Any CPU
		{1BE6D4AF-3A46-451D-8E32-10EE0522D33C}.Ad-Hoc|x86.ActiveCfg = Release|Any CPU
		{1BE6D4AF-3A46-451D-8E32-10EE0522D33C}.Ad-Hoc|x86.Build.0 = Release|Any CPU
		{1BE6D4AF-3A46-451D-8E32-10EE0522D33C}.Ad-Hoc|x86.Deploy.0 = Release|Any CPU
		{1BE6D4AF-3A46-451D-8E32-10EE0522D33C}.AppStore|Any CPU.ActiveCfg = Release|Any CPU
		{1BE6D4AF-3A46-451D-8E32-10EE0522D33C}.AppStore|Any CPU.Build.0 = Release|Any CPU
		{1BE6D4AF-3A46-451D-8E32-10EE0522D33C}.AppStore|Any CPU.Deploy.0 = Release|Any CPU
		{1BE6D4AF-3A46-451D-8E32-10EE0522D33C}.AppStore|ARM.ActiveCfg = Release|Any CPU
		{1BE6D4AF-3A46-451D-8E32-10EE0522D33C}.AppStore|ARM.Build.0 = Release|Any CPU
		{1BE6D4AF-3A46-451D-8E32-10EE0522D33C}.AppStore|ARM.Deploy.0 = Release|Any CPU
		{1BE6D4AF-3A46-451D-8E32-10EE0522D33C}.AppStore|iPhone.ActiveCfg = Release|Any CPU
		{1BE6D4AF-3A46-451D-8E32-10EE0522D33C}.AppStore|iPhone.Build.0 = Release|Any CPU
		{1BE6D4AF-3A46-451D-8E32-10EE0522D33C}.AppStore|iPhone.Deploy.0 = Release|Any CPU
		{1BE6D4AF-3A46-451D-8E32-10EE0522D33C}.AppStore|iPhoneSimulator.ActiveCfg = Release|Any CPU
		{1BE6D4AF-3A46-451D-8E32-10EE0522D33C}.AppStore|iPhoneSimulator.Build.0 = Release|Any CPU
		{1BE6D4AF-3A46-451D-8E32-10EE0522D33C}.AppStore|iPhoneSimulator.Deploy.0 = Release|Any CPU
		{1BE6D4AF-3A46-451D-8E32-10EE0522D33C}.AppStore|x64.ActiveCfg = Release|Any CPU
		{1BE6D4AF-3A46-451D-8E32-10EE0522D33C}.AppStore|x64.Build.0 = Release|Any CPU
		{1BE6D4AF-3A46-451D-8E32-10EE0522D33C}.AppStore|x64.Deploy.0 = Release|Any CPU
		{1BE6D4AF-3A46-451D-8E32-10EE0522D33C}.AppStore|x86.ActiveCfg = Release|Any CPU
		{1BE6D4AF-3A46-451D-8E32-10EE0522D33C}.AppStore|x86.Build.0 = Release|Any CPU
		{1BE6D4AF-3A46-451D-8E32-10EE0522D33C}.AppStore|x86.Deploy.0 = Release|Any CPU
		{1BE6D4AF-3A46-451D-8E32-10EE0522D33C}.Debug|Any CPU.ActiveCfg = Debug|Any CPU
		{1BE6D4AF-3A46-451D-8E32-10EE0522D33C}.Debug|Any CPU.Build.0 = Debug|Any CPU
		{1BE6D4AF-3A46-451D-8E32-10EE0522D33C}.Debug|Any CPU.Deploy.0 = Debug|Any CPU
		{1BE6D4AF-3A46-451D-8E32-10EE0522D33C}.Debug|ARM.ActiveCfg = Debug|Any CPU
		{1BE6D4AF-3A46-451D-8E32-10EE0522D33C}.Debug|ARM.Build.0 = Debug|Any CPU
		{1BE6D4AF-3A46-451D-8E32-10EE0522D33C}.Debug|ARM.Deploy.0 = Debug|Any CPU
		{1BE6D4AF-3A46-451D-8E32-10EE0522D33C}.Debug|iPhone.ActiveCfg = Debug|Any CPU
		{1BE6D4AF-3A46-451D-8E32-10EE0522D33C}.Debug|iPhone.Build.0 = Debug|Any CPU
		{1BE6D4AF-3A46-451D-8E32-10EE0522D33C}.Debug|iPhone.Deploy.0 = Debug|Any CPU
		{1BE6D4AF-3A46-451D-8E32-10EE0522D33C}.Debug|iPhoneSimulator.ActiveCfg = Debug|Any CPU
		{1BE6D4AF-3A46-451D-8E32-10EE0522D33C}.Debug|iPhoneSimulator.Build.0 = Debug|Any CPU
		{1BE6D4AF-3A46-451D-8E32-10EE0522D33C}.Debug|iPhoneSimulator.Deploy.0 = Debug|Any CPU
		{1BE6D4AF-3A46-451D-8E32-10EE0522D33C}.Debug|x64.ActiveCfg = Debug|Any CPU
		{1BE6D4AF-3A46-451D-8E32-10EE0522D33C}.Debug|x64.Build.0 = Debug|Any CPU
		{1BE6D4AF-3A46-451D-8E32-10EE0522D33C}.Debug|x64.Deploy.0 = Debug|Any CPU
		{1BE6D4AF-3A46-451D-8E32-10EE0522D33C}.Debug|x86.ActiveCfg = Debug|Any CPU
		{1BE6D4AF-3A46-451D-8E32-10EE0522D33C}.Debug|x86.Build.0 = Debug|Any CPU
		{1BE6D4AF-3A46-451D-8E32-10EE0522D33C}.Debug|x86.Deploy.0 = Debug|Any CPU
		{1BE6D4AF-3A46-451D-8E32-10EE0522D33C}.Release|Any CPU.ActiveCfg = Release|Any CPU
		{1BE6D4AF-3A46-451D-8E32-10EE0522D33C}.Release|Any CPU.Build.0 = Release|Any CPU
		{1BE6D4AF-3A46-451D-8E32-10EE0522D33C}.Release|Any CPU.Deploy.0 = Release|Any CPU
		{1BE6D4AF-3A46-451D-8E32-10EE0522D33C}.Release|ARM.ActiveCfg = Release|Any CPU
		{1BE6D4AF-3A46-451D-8E32-10EE0522D33C}.Release|ARM.Build.0 = Release|Any CPU
		{1BE6D4AF-3A46-451D-8E32-10EE0522D33C}.Release|ARM.Deploy.0 = Release|Any CPU
		{1BE6D4AF-3A46-451D-8E32-10EE0522D33C}.Release|iPhone.ActiveCfg = Release|Any CPU
		{1BE6D4AF-3A46-451D-8E32-10EE0522D33C}.Release|iPhone.Build.0 = Release|Any CPU
		{1BE6D4AF-3A46-451D-8E32-10EE0522D33C}.Release|iPhone.Deploy.0 = Release|Any CPU
		{1BE6D4AF-3A46-451D-8E32-10EE0522D33C}.Release|iPhoneSimulator.ActiveCfg = Release|Any CPU
		{1BE6D4AF-3A46-451D-8E32-10EE0522D33C}.Release|iPhoneSimulator.Build.0 = Release|Any CPU
		{1BE6D4AF-3A46-451D-8E32-10EE0522D33C}.Release|iPhoneSimulator.Deploy.0 = Release|Any CPU
		{1BE6D4AF-3A46-451D-8E32-10EE0522D33C}.Release|x64.ActiveCfg = Release|Any CPU
		{1BE6D4AF-3A46-451D-8E32-10EE0522D33C}.Release|x64.Build.0 = Release|Any CPU
		{1BE6D4AF-3A46-451D-8E32-10EE0522D33C}.Release|x64.Deploy.0 = Release|Any CPU
		{1BE6D4AF-3A46-451D-8E32-10EE0522D33C}.Release|x86.ActiveCfg = Release|Any CPU
		{1BE6D4AF-3A46-451D-8E32-10EE0522D33C}.Release|x86.Build.0 = Release|Any CPU
		{1BE6D4AF-3A46-451D-8E32-10EE0522D33C}.Release|x86.Deploy.0 = Release|Any CPU
		{C1EE0836-0492-42DB-AE31-A724B71F953E}.Ad-Hoc|Any CPU.ActiveCfg = Release|Any CPU
		{C1EE0836-0492-42DB-AE31-A724B71F953E}.Ad-Hoc|Any CPU.Build.0 = Release|Any CPU
		{C1EE0836-0492-42DB-AE31-A724B71F953E}.Ad-Hoc|Any CPU.Deploy.0 = Release|Any CPU
		{C1EE0836-0492-42DB-AE31-A724B71F953E}.Ad-Hoc|ARM.ActiveCfg = Release|ARM
		{C1EE0836-0492-42DB-AE31-A724B71F953E}.Ad-Hoc|ARM.Build.0 = Release|ARM
		{C1EE0836-0492-42DB-AE31-A724B71F953E}.Ad-Hoc|ARM.Deploy.0 = Release|ARM
		{C1EE0836-0492-42DB-AE31-A724B71F953E}.Ad-Hoc|iPhone.ActiveCfg = Release|Any CPU
		{C1EE0836-0492-42DB-AE31-A724B71F953E}.Ad-Hoc|iPhone.Build.0 = Release|Any CPU
		{C1EE0836-0492-42DB-AE31-A724B71F953E}.Ad-Hoc|iPhone.Deploy.0 = Release|Any CPU
		{C1EE0836-0492-42DB-AE31-A724B71F953E}.Ad-Hoc|iPhoneSimulator.ActiveCfg = Release|Any CPU
		{C1EE0836-0492-42DB-AE31-A724B71F953E}.Ad-Hoc|iPhoneSimulator.Build.0 = Release|Any CPU
		{C1EE0836-0492-42DB-AE31-A724B71F953E}.Ad-Hoc|iPhoneSimulator.Deploy.0 = Release|Any CPU
		{C1EE0836-0492-42DB-AE31-A724B71F953E}.Ad-Hoc|x64.ActiveCfg = Release|Any CPU
		{C1EE0836-0492-42DB-AE31-A724B71F953E}.Ad-Hoc|x64.Build.0 = Release|Any CPU
		{C1EE0836-0492-42DB-AE31-A724B71F953E}.Ad-Hoc|x64.Deploy.0 = Release|Any CPU
		{C1EE0836-0492-42DB-AE31-A724B71F953E}.Ad-Hoc|x86.ActiveCfg = Release|x86
		{C1EE0836-0492-42DB-AE31-A724B71F953E}.Ad-Hoc|x86.Build.0 = Release|x86
		{C1EE0836-0492-42DB-AE31-A724B71F953E}.Ad-Hoc|x86.Deploy.0 = Release|x86
		{C1EE0836-0492-42DB-AE31-A724B71F953E}.AppStore|Any CPU.ActiveCfg = Release|Any CPU
		{C1EE0836-0492-42DB-AE31-A724B71F953E}.AppStore|Any CPU.Build.0 = Release|Any CPU
		{C1EE0836-0492-42DB-AE31-A724B71F953E}.AppStore|Any CPU.Deploy.0 = Release|Any CPU
		{C1EE0836-0492-42DB-AE31-A724B71F953E}.AppStore|ARM.ActiveCfg = Release|ARM
		{C1EE0836-0492-42DB-AE31-A724B71F953E}.AppStore|ARM.Build.0 = Release|ARM
		{C1EE0836-0492-42DB-AE31-A724B71F953E}.AppStore|ARM.Deploy.0 = Release|ARM
		{C1EE0836-0492-42DB-AE31-A724B71F953E}.AppStore|iPhone.ActiveCfg = Release|Any CPU
		{C1EE0836-0492-42DB-AE31-A724B71F953E}.AppStore|iPhone.Build.0 = Release|Any CPU
		{C1EE0836-0492-42DB-AE31-A724B71F953E}.AppStore|iPhone.Deploy.0 = Release|Any CPU
		{C1EE0836-0492-42DB-AE31-A724B71F953E}.AppStore|iPhoneSimulator.ActiveCfg = Release|Any CPU
		{C1EE0836-0492-42DB-AE31-A724B71F953E}.AppStore|iPhoneSimulator.Build.0 = Release|Any CPU
		{C1EE0836-0492-42DB-AE31-A724B71F953E}.AppStore|iPhoneSimulator.Deploy.0 = Release|Any CPU
		{C1EE0836-0492-42DB-AE31-A724B71F953E}.AppStore|x64.ActiveCfg = Release|Any CPU
		{C1EE0836-0492-42DB-AE31-A724B71F953E}.AppStore|x64.Build.0 = Release|Any CPU
		{C1EE0836-0492-42DB-AE31-A724B71F953E}.AppStore|x64.Deploy.0 = Release|Any CPU
		{C1EE0836-0492-42DB-AE31-A724B71F953E}.AppStore|x86.ActiveCfg = Release|x86
		{C1EE0836-0492-42DB-AE31-A724B71F953E}.AppStore|x86.Build.0 = Release|x86
		{C1EE0836-0492-42DB-AE31-A724B71F953E}.AppStore|x86.Deploy.0 = Release|x86
		{C1EE0836-0492-42DB-AE31-A724B71F953E}.Debug|Any CPU.ActiveCfg = Debug|ARM
		{C1EE0836-0492-42DB-AE31-A724B71F953E}.Debug|Any CPU.Build.0 = Debug|ARM
		{C1EE0836-0492-42DB-AE31-A724B71F953E}.Debug|Any CPU.Deploy.0 = Debug|ARM
		{C1EE0836-0492-42DB-AE31-A724B71F953E}.Debug|ARM.ActiveCfg = Debug|ARM
		{C1EE0836-0492-42DB-AE31-A724B71F953E}.Debug|ARM.Build.0 = Debug|ARM
		{C1EE0836-0492-42DB-AE31-A724B71F953E}.Debug|ARM.Deploy.0 = Debug|ARM
		{C1EE0836-0492-42DB-AE31-A724B71F953E}.Debug|iPhone.ActiveCfg = Debug|Any CPU
		{C1EE0836-0492-42DB-AE31-A724B71F953E}.Debug|iPhone.Build.0 = Debug|Any CPU
		{C1EE0836-0492-42DB-AE31-A724B71F953E}.Debug|iPhone.Deploy.0 = Debug|Any CPU
		{C1EE0836-0492-42DB-AE31-A724B71F953E}.Debug|iPhoneSimulator.ActiveCfg = Debug|Any CPU
		{C1EE0836-0492-42DB-AE31-A724B71F953E}.Debug|iPhoneSimulator.Build.0 = Debug|Any CPU
		{C1EE0836-0492-42DB-AE31-A724B71F953E}.Debug|iPhoneSimulator.Deploy.0 = Debug|Any CPU
		{C1EE0836-0492-42DB-AE31-A724B71F953E}.Debug|x64.ActiveCfg = Debug|Any CPU
		{C1EE0836-0492-42DB-AE31-A724B71F953E}.Debug|x64.Build.0 = Debug|Any CPU
		{C1EE0836-0492-42DB-AE31-A724B71F953E}.Debug|x64.Deploy.0 = Debug|Any CPU
		{C1EE0836-0492-42DB-AE31-A724B71F953E}.Debug|x86.ActiveCfg = Debug|x86
		{C1EE0836-0492-42DB-AE31-A724B71F953E}.Debug|x86.Build.0 = Debug|x86
		{C1EE0836-0492-42DB-AE31-A724B71F953E}.Debug|x86.Deploy.0 = Debug|x86
		{C1EE0836-0492-42DB-AE31-A724B71F953E}.Release|Any CPU.ActiveCfg = Release|Any CPU
		{C1EE0836-0492-42DB-AE31-A724B71F953E}.Release|Any CPU.Build.0 = Release|Any CPU
		{C1EE0836-0492-42DB-AE31-A724B71F953E}.Release|Any CPU.Deploy.0 = Release|Any CPU
		{C1EE0836-0492-42DB-AE31-A724B71F953E}.Release|ARM.ActiveCfg = Release|ARM
		{C1EE0836-0492-42DB-AE31-A724B71F953E}.Release|ARM.Build.0 = Release|ARM
		{C1EE0836-0492-42DB-AE31-A724B71F953E}.Release|ARM.Deploy.0 = Release|ARM
		{C1EE0836-0492-42DB-AE31-A724B71F953E}.Release|iPhone.ActiveCfg = Release|Any CPU
		{C1EE0836-0492-42DB-AE31-A724B71F953E}.Release|iPhone.Build.0 = Release|Any CPU
		{C1EE0836-0492-42DB-AE31-A724B71F953E}.Release|iPhone.Deploy.0 = Release|Any CPU
		{C1EE0836-0492-42DB-AE31-A724B71F953E}.Release|iPhoneSimulator.ActiveCfg = Release|Any CPU
		{C1EE0836-0492-42DB-AE31-A724B71F953E}.Release|iPhoneSimulator.Build.0 = Release|Any CPU
		{C1EE0836-0492-42DB-AE31-A724B71F953E}.Release|iPhoneSimulator.Deploy.0 = Release|Any CPU
		{C1EE0836-0492-42DB-AE31-A724B71F953E}.Release|x64.ActiveCfg = Release|Any CPU
		{C1EE0836-0492-42DB-AE31-A724B71F953E}.Release|x64.Build.0 = Release|Any CPU
		{C1EE0836-0492-42DB-AE31-A724B71F953E}.Release|x64.Deploy.0 = Release|Any CPU
		{C1EE0836-0492-42DB-AE31-A724B71F953E}.Release|x86.ActiveCfg = Release|x86
		{C1EE0836-0492-42DB-AE31-A724B71F953E}.Release|x86.Build.0 = Release|x86
		{C1EE0836-0492-42DB-AE31-A724B71F953E}.Release|x86.Deploy.0 = Release|x86
		{0EA93DF1-6D36-4C40-8455-D8361F4ABF2C}.Ad-Hoc|Any CPU.ActiveCfg = Release|x86
		{0EA93DF1-6D36-4C40-8455-D8361F4ABF2C}.Ad-Hoc|Any CPU.Build.0 = Release|x86
		{0EA93DF1-6D36-4C40-8455-D8361F4ABF2C}.Ad-Hoc|Any CPU.Deploy.0 = Release|x86
		{0EA93DF1-6D36-4C40-8455-D8361F4ABF2C}.Ad-Hoc|ARM.ActiveCfg = Release|ARM
		{0EA93DF1-6D36-4C40-8455-D8361F4ABF2C}.Ad-Hoc|ARM.Build.0 = Release|ARM
		{0EA93DF1-6D36-4C40-8455-D8361F4ABF2C}.Ad-Hoc|ARM.Deploy.0 = Release|ARM
		{0EA93DF1-6D36-4C40-8455-D8361F4ABF2C}.Ad-Hoc|iPhone.ActiveCfg = Release|x86
		{0EA93DF1-6D36-4C40-8455-D8361F4ABF2C}.Ad-Hoc|iPhone.Build.0 = Release|x86
		{0EA93DF1-6D36-4C40-8455-D8361F4ABF2C}.Ad-Hoc|iPhone.Deploy.0 = Release|x86
		{0EA93DF1-6D36-4C40-8455-D8361F4ABF2C}.Ad-Hoc|iPhoneSimulator.ActiveCfg = Release|x86
		{0EA93DF1-6D36-4C40-8455-D8361F4ABF2C}.Ad-Hoc|iPhoneSimulator.Build.0 = Release|x86
		{0EA93DF1-6D36-4C40-8455-D8361F4ABF2C}.Ad-Hoc|iPhoneSimulator.Deploy.0 = Release|x86
		{0EA93DF1-6D36-4C40-8455-D8361F4ABF2C}.Ad-Hoc|x64.ActiveCfg = Release|x64
		{0EA93DF1-6D36-4C40-8455-D8361F4ABF2C}.Ad-Hoc|x64.Build.0 = Release|x64
		{0EA93DF1-6D36-4C40-8455-D8361F4ABF2C}.Ad-Hoc|x64.Deploy.0 = Release|x64
		{0EA93DF1-6D36-4C40-8455-D8361F4ABF2C}.Ad-Hoc|x86.ActiveCfg = Release|x86
		{0EA93DF1-6D36-4C40-8455-D8361F4ABF2C}.Ad-Hoc|x86.Build.0 = Release|x86
		{0EA93DF1-6D36-4C40-8455-D8361F4ABF2C}.Ad-Hoc|x86.Deploy.0 = Release|x86
		{0EA93DF1-6D36-4C40-8455-D8361F4ABF2C}.AppStore|Any CPU.ActiveCfg = Release|x86
		{0EA93DF1-6D36-4C40-8455-D8361F4ABF2C}.AppStore|Any CPU.Build.0 = Release|x86
		{0EA93DF1-6D36-4C40-8455-D8361F4ABF2C}.AppStore|Any CPU.Deploy.0 = Release|x86
		{0EA93DF1-6D36-4C40-8455-D8361F4ABF2C}.AppStore|ARM.ActiveCfg = Release|ARM
		{0EA93DF1-6D36-4C40-8455-D8361F4ABF2C}.AppStore|ARM.Build.0 = Release|ARM
		{0EA93DF1-6D36-4C40-8455-D8361F4ABF2C}.AppStore|ARM.Deploy.0 = Release|ARM
		{0EA93DF1-6D36-4C40-8455-D8361F4ABF2C}.AppStore|iPhone.ActiveCfg = Release|x86
		{0EA93DF1-6D36-4C40-8455-D8361F4ABF2C}.AppStore|iPhone.Build.0 = Release|x86
		{0EA93DF1-6D36-4C40-8455-D8361F4ABF2C}.AppStore|iPhone.Deploy.0 = Release|x86
		{0EA93DF1-6D36-4C40-8455-D8361F4ABF2C}.AppStore|iPhoneSimulator.ActiveCfg = Release|x86
		{0EA93DF1-6D36-4C40-8455-D8361F4ABF2C}.AppStore|iPhoneSimulator.Build.0 = Release|x86
		{0EA93DF1-6D36-4C40-8455-D8361F4ABF2C}.AppStore|iPhoneSimulator.Deploy.0 = Release|x86
		{0EA93DF1-6D36-4C40-8455-D8361F4ABF2C}.AppStore|x64.ActiveCfg = Release|x64
		{0EA93DF1-6D36-4C40-8455-D8361F4ABF2C}.AppStore|x64.Build.0 = Release|x64
		{0EA93DF1-6D36-4C40-8455-D8361F4ABF2C}.AppStore|x64.Deploy.0 = Release|x64
		{0EA93DF1-6D36-4C40-8455-D8361F4ABF2C}.AppStore|x86.ActiveCfg = Release|x86
		{0EA93DF1-6D36-4C40-8455-D8361F4ABF2C}.AppStore|x86.Build.0 = Release|x86
		{0EA93DF1-6D36-4C40-8455-D8361F4ABF2C}.AppStore|x86.Deploy.0 = Release|x86
		{0EA93DF1-6D36-4C40-8455-D8361F4ABF2C}.Debug|Any CPU.ActiveCfg = Debug|x86
		{0EA93DF1-6D36-4C40-8455-D8361F4ABF2C}.Debug|ARM.ActiveCfg = Debug|ARM
		{0EA93DF1-6D36-4C40-8455-D8361F4ABF2C}.Debug|ARM.Build.0 = Debug|ARM
		{0EA93DF1-6D36-4C40-8455-D8361F4ABF2C}.Debug|ARM.Deploy.0 = Debug|ARM
		{0EA93DF1-6D36-4C40-8455-D8361F4ABF2C}.Debug|iPhone.ActiveCfg = Debug|x86
		{0EA93DF1-6D36-4C40-8455-D8361F4ABF2C}.Debug|iPhoneSimulator.ActiveCfg = Debug|x86
		{0EA93DF1-6D36-4C40-8455-D8361F4ABF2C}.Debug|x64.ActiveCfg = Debug|x64
		{0EA93DF1-6D36-4C40-8455-D8361F4ABF2C}.Debug|x64.Build.0 = Debug|x64
		{0EA93DF1-6D36-4C40-8455-D8361F4ABF2C}.Debug|x64.Deploy.0 = Debug|x64
		{0EA93DF1-6D36-4C40-8455-D8361F4ABF2C}.Debug|x86.ActiveCfg = Debug|x86
		{0EA93DF1-6D36-4C40-8455-D8361F4ABF2C}.Debug|x86.Build.0 = Debug|x86
		{0EA93DF1-6D36-4C40-8455-D8361F4ABF2C}.Debug|x86.Deploy.0 = Debug|x86
		{0EA93DF1-6D36-4C40-8455-D8361F4ABF2C}.Release|Any CPU.ActiveCfg = Release|x86
		{0EA93DF1-6D36-4C40-8455-D8361F4ABF2C}.Release|ARM.ActiveCfg = Release|ARM
		{0EA93DF1-6D36-4C40-8455-D8361F4ABF2C}.Release|ARM.Build.0 = Release|ARM
		{0EA93DF1-6D36-4C40-8455-D8361F4ABF2C}.Release|ARM.Deploy.0 = Release|ARM
		{0EA93DF1-6D36-4C40-8455-D8361F4ABF2C}.Release|iPhone.ActiveCfg = Release|x86
		{0EA93DF1-6D36-4C40-8455-D8361F4ABF2C}.Release|iPhoneSimulator.ActiveCfg = Release|x86
		{0EA93DF1-6D36-4C40-8455-D8361F4ABF2C}.Release|x64.ActiveCfg = Release|x64
		{0EA93DF1-6D36-4C40-8455-D8361F4ABF2C}.Release|x64.Build.0 = Release|x64
		{0EA93DF1-6D36-4C40-8455-D8361F4ABF2C}.Release|x64.Deploy.0 = Release|x64
		{0EA93DF1-6D36-4C40-8455-D8361F4ABF2C}.Release|x86.ActiveCfg = Release|x86
		{0EA93DF1-6D36-4C40-8455-D8361F4ABF2C}.Release|x86.Build.0 = Release|x86
		{0EA93DF1-6D36-4C40-8455-D8361F4ABF2C}.Release|x86.Deploy.0 = Release|x86
		{C4B0E81A-4532-4AF8-AF05-F50B664999D6}.Ad-Hoc|Any CPU.ActiveCfg = Release|Any CPU
		{C4B0E81A-4532-4AF8-AF05-F50B664999D6}.Ad-Hoc|Any CPU.Build.0 = Release|Any CPU
		{C4B0E81A-4532-4AF8-AF05-F50B664999D6}.Ad-Hoc|Any CPU.Deploy.0 = Release|Any CPU
		{C4B0E81A-4532-4AF8-AF05-F50B664999D6}.Ad-Hoc|ARM.ActiveCfg = Release|ARM
		{C4B0E81A-4532-4AF8-AF05-F50B664999D6}.Ad-Hoc|ARM.Build.0 = Release|ARM
		{C4B0E81A-4532-4AF8-AF05-F50B664999D6}.Ad-Hoc|ARM.Deploy.0 = Release|ARM
		{C4B0E81A-4532-4AF8-AF05-F50B664999D6}.Ad-Hoc|iPhone.ActiveCfg = Release|Any CPU
		{C4B0E81A-4532-4AF8-AF05-F50B664999D6}.Ad-Hoc|iPhone.Build.0 = Release|Any CPU
		{C4B0E81A-4532-4AF8-AF05-F50B664999D6}.Ad-Hoc|iPhone.Deploy.0 = Release|Any CPU
		{C4B0E81A-4532-4AF8-AF05-F50B664999D6}.Ad-Hoc|iPhoneSimulator.ActiveCfg = Release|Any CPU
		{C4B0E81A-4532-4AF8-AF05-F50B664999D6}.Ad-Hoc|iPhoneSimulator.Build.0 = Release|Any CPU
		{C4B0E81A-4532-4AF8-AF05-F50B664999D6}.Ad-Hoc|iPhoneSimulator.Deploy.0 = Release|Any CPU
		{C4B0E81A-4532-4AF8-AF05-F50B664999D6}.Ad-Hoc|x64.ActiveCfg = Release|x64
		{C4B0E81A-4532-4AF8-AF05-F50B664999D6}.Ad-Hoc|x64.Build.0 = Release|x64
		{C4B0E81A-4532-4AF8-AF05-F50B664999D6}.Ad-Hoc|x64.Deploy.0 = Release|x64
		{C4B0E81A-4532-4AF8-AF05-F50B664999D6}.Ad-Hoc|x86.ActiveCfg = Release|x86
		{C4B0E81A-4532-4AF8-AF05-F50B664999D6}.Ad-Hoc|x86.Build.0 = Release|x86
		{C4B0E81A-4532-4AF8-AF05-F50B664999D6}.Ad-Hoc|x86.Deploy.0 = Release|x86
		{C4B0E81A-4532-4AF8-AF05-F50B664999D6}.AppStore|Any CPU.ActiveCfg = Release|Any CPU
		{C4B0E81A-4532-4AF8-AF05-F50B664999D6}.AppStore|Any CPU.Build.0 = Release|Any CPU
		{C4B0E81A-4532-4AF8-AF05-F50B664999D6}.AppStore|Any CPU.Deploy.0 = Release|Any CPU
		{C4B0E81A-4532-4AF8-AF05-F50B664999D6}.AppStore|ARM.ActiveCfg = Release|ARM
		{C4B0E81A-4532-4AF8-AF05-F50B664999D6}.AppStore|ARM.Build.0 = Release|ARM
		{C4B0E81A-4532-4AF8-AF05-F50B664999D6}.AppStore|ARM.Deploy.0 = Release|ARM
		{C4B0E81A-4532-4AF8-AF05-F50B664999D6}.AppStore|iPhone.ActiveCfg = Release|Any CPU
		{C4B0E81A-4532-4AF8-AF05-F50B664999D6}.AppStore|iPhone.Build.0 = Release|Any CPU
		{C4B0E81A-4532-4AF8-AF05-F50B664999D6}.AppStore|iPhone.Deploy.0 = Release|Any CPU
		{C4B0E81A-4532-4AF8-AF05-F50B664999D6}.AppStore|iPhoneSimulator.ActiveCfg = Release|Any CPU
		{C4B0E81A-4532-4AF8-AF05-F50B664999D6}.AppStore|iPhoneSimulator.Build.0 = Release|Any CPU
		{C4B0E81A-4532-4AF8-AF05-F50B664999D6}.AppStore|iPhoneSimulator.Deploy.0 = Release|Any CPU
		{C4B0E81A-4532-4AF8-AF05-F50B664999D6}.AppStore|x64.ActiveCfg = Release|x64
		{C4B0E81A-4532-4AF8-AF05-F50B664999D6}.AppStore|x64.Build.0 = Release|x64
		{C4B0E81A-4532-4AF8-AF05-F50B664999D6}.AppStore|x64.Deploy.0 = Release|x64
		{C4B0E81A-4532-4AF8-AF05-F50B664999D6}.AppStore|x86.ActiveCfg = Release|x86
		{C4B0E81A-4532-4AF8-AF05-F50B664999D6}.AppStore|x86.Build.0 = Release|x86
		{C4B0E81A-4532-4AF8-AF05-F50B664999D6}.AppStore|x86.Deploy.0 = Release|x86
		{C4B0E81A-4532-4AF8-AF05-F50B664999D6}.Debug|Any CPU.ActiveCfg = Debug|x86
		{C4B0E81A-4532-4AF8-AF05-F50B664999D6}.Debug|Any CPU.Build.0 = Debug|x86
		{C4B0E81A-4532-4AF8-AF05-F50B664999D6}.Debug|Any CPU.Deploy.0 = Debug|x86
		{C4B0E81A-4532-4AF8-AF05-F50B664999D6}.Debug|ARM.ActiveCfg = Debug|ARM
		{C4B0E81A-4532-4AF8-AF05-F50B664999D6}.Debug|ARM.Build.0 = Debug|ARM
		{C4B0E81A-4532-4AF8-AF05-F50B664999D6}.Debug|ARM.Deploy.0 = Debug|ARM
		{C4B0E81A-4532-4AF8-AF05-F50B664999D6}.Debug|iPhone.ActiveCfg = Debug|Any CPU
		{C4B0E81A-4532-4AF8-AF05-F50B664999D6}.Debug|iPhone.Build.0 = Debug|Any CPU
		{C4B0E81A-4532-4AF8-AF05-F50B664999D6}.Debug|iPhone.Deploy.0 = Debug|Any CPU
		{C4B0E81A-4532-4AF8-AF05-F50B664999D6}.Debug|iPhoneSimulator.ActiveCfg = Debug|Any CPU
		{C4B0E81A-4532-4AF8-AF05-F50B664999D6}.Debug|iPhoneSimulator.Build.0 = Debug|Any CPU
		{C4B0E81A-4532-4AF8-AF05-F50B664999D6}.Debug|iPhoneSimulator.Deploy.0 = Debug|Any CPU
		{C4B0E81A-4532-4AF8-AF05-F50B664999D6}.Debug|x64.ActiveCfg = Debug|x64
		{C4B0E81A-4532-4AF8-AF05-F50B664999D6}.Debug|x64.Build.0 = Debug|x64
		{C4B0E81A-4532-4AF8-AF05-F50B664999D6}.Debug|x64.Deploy.0 = Debug|x64
		{C4B0E81A-4532-4AF8-AF05-F50B664999D6}.Debug|x86.ActiveCfg = Debug|x86
		{C4B0E81A-4532-4AF8-AF05-F50B664999D6}.Debug|x86.Build.0 = Debug|x86
		{C4B0E81A-4532-4AF8-AF05-F50B664999D6}.Debug|x86.Deploy.0 = Debug|x86
		{C4B0E81A-4532-4AF8-AF05-F50B664999D6}.Release|Any CPU.ActiveCfg = Release|Any CPU
		{C4B0E81A-4532-4AF8-AF05-F50B664999D6}.Release|Any CPU.Build.0 = Release|Any CPU
		{C4B0E81A-4532-4AF8-AF05-F50B664999D6}.Release|Any CPU.Deploy.0 = Release|Any CPU
		{C4B0E81A-4532-4AF8-AF05-F50B664999D6}.Release|ARM.ActiveCfg = Release|ARM
		{C4B0E81A-4532-4AF8-AF05-F50B664999D6}.Release|ARM.Build.0 = Release|ARM
		{C4B0E81A-4532-4AF8-AF05-F50B664999D6}.Release|ARM.Deploy.0 = Release|ARM
		{C4B0E81A-4532-4AF8-AF05-F50B664999D6}.Release|iPhone.ActiveCfg = Release|Any CPU
		{C4B0E81A-4532-4AF8-AF05-F50B664999D6}.Release|iPhone.Build.0 = Release|Any CPU
		{C4B0E81A-4532-4AF8-AF05-F50B664999D6}.Release|iPhone.Deploy.0 = Release|Any CPU
		{C4B0E81A-4532-4AF8-AF05-F50B664999D6}.Release|iPhoneSimulator.ActiveCfg = Release|Any CPU
		{C4B0E81A-4532-4AF8-AF05-F50B664999D6}.Release|iPhoneSimulator.Build.0 = Release|Any CPU
		{C4B0E81A-4532-4AF8-AF05-F50B664999D6}.Release|iPhoneSimulator.Deploy.0 = Release|Any CPU
		{C4B0E81A-4532-4AF8-AF05-F50B664999D6}.Release|x64.ActiveCfg = Release|x64
		{C4B0E81A-4532-4AF8-AF05-F50B664999D6}.Release|x64.Build.0 = Release|x64
		{C4B0E81A-4532-4AF8-AF05-F50B664999D6}.Release|x64.Deploy.0 = Release|x64
		{C4B0E81A-4532-4AF8-AF05-F50B664999D6}.Release|x86.ActiveCfg = Release|x86
		{C4B0E81A-4532-4AF8-AF05-F50B664999D6}.Release|x86.Build.0 = Release|x86
		{C4B0E81A-4532-4AF8-AF05-F50B664999D6}.Release|x86.Deploy.0 = Release|x86
		{F32185EF-2D9E-4C24-AA08-D69F917B060F}.Ad-Hoc|Any CPU.ActiveCfg = Release|Any CPU
		{F32185EF-2D9E-4C24-AA08-D69F917B060F}.Ad-Hoc|Any CPU.Build.0 = Release|Any CPU
		{F32185EF-2D9E-4C24-AA08-D69F917B060F}.Ad-Hoc|ARM.ActiveCfg = Release|Any CPU
		{F32185EF-2D9E-4C24-AA08-D69F917B060F}.Ad-Hoc|ARM.Build.0 = Release|Any CPU
		{F32185EF-2D9E-4C24-AA08-D69F917B060F}.Ad-Hoc|iPhone.ActiveCfg = Release|Any CPU
		{F32185EF-2D9E-4C24-AA08-D69F917B060F}.Ad-Hoc|iPhone.Build.0 = Release|Any CPU
		{F32185EF-2D9E-4C24-AA08-D69F917B060F}.Ad-Hoc|iPhoneSimulator.ActiveCfg = Release|Any CPU
		{F32185EF-2D9E-4C24-AA08-D69F917B060F}.Ad-Hoc|iPhoneSimulator.Build.0 = Release|Any CPU
		{F32185EF-2D9E-4C24-AA08-D69F917B060F}.Ad-Hoc|x64.ActiveCfg = Release|Any CPU
		{F32185EF-2D9E-4C24-AA08-D69F917B060F}.Ad-Hoc|x64.Build.0 = Release|Any CPU
		{F32185EF-2D9E-4C24-AA08-D69F917B060F}.Ad-Hoc|x86.ActiveCfg = Release|Any CPU
		{F32185EF-2D9E-4C24-AA08-D69F917B060F}.Ad-Hoc|x86.Build.0 = Release|Any CPU
		{F32185EF-2D9E-4C24-AA08-D69F917B060F}.AppStore|Any CPU.ActiveCfg = Release|Any CPU
		{F32185EF-2D9E-4C24-AA08-D69F917B060F}.AppStore|Any CPU.Build.0 = Release|Any CPU
		{F32185EF-2D9E-4C24-AA08-D69F917B060F}.AppStore|ARM.ActiveCfg = Release|Any CPU
		{F32185EF-2D9E-4C24-AA08-D69F917B060F}.AppStore|ARM.Build.0 = Release|Any CPU
		{F32185EF-2D9E-4C24-AA08-D69F917B060F}.AppStore|iPhone.ActiveCfg = Release|Any CPU
		{F32185EF-2D9E-4C24-AA08-D69F917B060F}.AppStore|iPhone.Build.0 = Release|Any CPU
		{F32185EF-2D9E-4C24-AA08-D69F917B060F}.AppStore|iPhoneSimulator.ActiveCfg = Release|Any CPU
		{F32185EF-2D9E-4C24-AA08-D69F917B060F}.AppStore|iPhoneSimulator.Build.0 = Release|Any CPU
		{F32185EF-2D9E-4C24-AA08-D69F917B060F}.AppStore|x64.ActiveCfg = Release|Any CPU
		{F32185EF-2D9E-4C24-AA08-D69F917B060F}.AppStore|x64.Build.0 = Release|Any CPU
		{F32185EF-2D9E-4C24-AA08-D69F917B060F}.AppStore|x86.ActiveCfg = Release|Any CPU
		{F32185EF-2D9E-4C24-AA08-D69F917B060F}.AppStore|x86.Build.0 = Release|Any CPU
		{F32185EF-2D9E-4C24-AA08-D69F917B060F}.Debug|Any CPU.ActiveCfg = Debug|Any CPU
		{F32185EF-2D9E-4C24-AA08-D69F917B060F}.Debug|Any CPU.Build.0 = Debug|Any CPU
		{F32185EF-2D9E-4C24-AA08-D69F917B060F}.Debug|ARM.ActiveCfg = Debug|Any CPU
		{F32185EF-2D9E-4C24-AA08-D69F917B060F}.Debug|ARM.Build.0 = Debug|Any CPU
		{F32185EF-2D9E-4C24-AA08-D69F917B060F}.Debug|iPhone.ActiveCfg = Debug|Any CPU
		{F32185EF-2D9E-4C24-AA08-D69F917B060F}.Debug|iPhone.Build.0 = Debug|Any CPU
		{F32185EF-2D9E-4C24-AA08-D69F917B060F}.Debug|iPhoneSimulator.ActiveCfg = Debug|Any CPU
		{F32185EF-2D9E-4C24-AA08-D69F917B060F}.Debug|iPhoneSimulator.Build.0 = Debug|Any CPU
		{F32185EF-2D9E-4C24-AA08-D69F917B060F}.Debug|x64.ActiveCfg = Debug|Any CPU
		{F32185EF-2D9E-4C24-AA08-D69F917B060F}.Debug|x64.Build.0 = Debug|Any CPU
		{F32185EF-2D9E-4C24-AA08-D69F917B060F}.Debug|x86.ActiveCfg = Debug|Any CPU
		{F32185EF-2D9E-4C24-AA08-D69F917B060F}.Debug|x86.Build.0 = Debug|Any CPU
		{F32185EF-2D9E-4C24-AA08-D69F917B060F}.Release|Any CPU.ActiveCfg = Release|Any CPU
		{F32185EF-2D9E-4C24-AA08-D69F917B060F}.Release|Any CPU.Build.0 = Release|Any CPU
		{F32185EF-2D9E-4C24-AA08-D69F917B060F}.Release|ARM.ActiveCfg = Release|Any CPU
		{F32185EF-2D9E-4C24-AA08-D69F917B060F}.Release|ARM.Build.0 = Release|Any CPU
		{F32185EF-2D9E-4C24-AA08-D69F917B060F}.Release|iPhone.ActiveCfg = Release|Any CPU
		{F32185EF-2D9E-4C24-AA08-D69F917B060F}.Release|iPhone.Build.0 = Release|Any CPU
		{F32185EF-2D9E-4C24-AA08-D69F917B060F}.Release|iPhoneSimulator.ActiveCfg = Release|Any CPU
		{F32185EF-2D9E-4C24-AA08-D69F917B060F}.Release|iPhoneSimulator.Build.0 = Release|Any CPU
		{F32185EF-2D9E-4C24-AA08-D69F917B060F}.Release|x64.ActiveCfg = Release|Any CPU
		{F32185EF-2D9E-4C24-AA08-D69F917B060F}.Release|x64.Build.0 = Release|Any CPU
		{F32185EF-2D9E-4C24-AA08-D69F917B060F}.Release|x86.ActiveCfg = Release|Any CPU
		{F32185EF-2D9E-4C24-AA08-D69F917B060F}.Release|x86.Build.0 = Release|Any CPU
		{78525B9C-1D8D-496C-B70C-9C1C3C76C0DD}.Ad-Hoc|Any CPU.ActiveCfg = Ad-Hoc|iPhone
		{78525B9C-1D8D-496C-B70C-9C1C3C76C0DD}.Ad-Hoc|ARM.ActiveCfg = Ad-Hoc|iPhone
		{78525B9C-1D8D-496C-B70C-9C1C3C76C0DD}.Ad-Hoc|iPhone.ActiveCfg = Ad-Hoc|iPhone
		{78525B9C-1D8D-496C-B70C-9C1C3C76C0DD}.Ad-Hoc|iPhone.Build.0 = Ad-Hoc|iPhone
		{78525B9C-1D8D-496C-B70C-9C1C3C76C0DD}.Ad-Hoc|iPhoneSimulator.ActiveCfg = Ad-Hoc|iPhoneSimulator
		{78525B9C-1D8D-496C-B70C-9C1C3C76C0DD}.Ad-Hoc|iPhoneSimulator.Build.0 = Ad-Hoc|iPhoneSimulator
		{78525B9C-1D8D-496C-B70C-9C1C3C76C0DD}.Ad-Hoc|x64.ActiveCfg = Ad-Hoc|iPhone
		{78525B9C-1D8D-496C-B70C-9C1C3C76C0DD}.Ad-Hoc|x86.ActiveCfg = Ad-Hoc|iPhone
		{78525B9C-1D8D-496C-B70C-9C1C3C76C0DD}.AppStore|Any CPU.ActiveCfg = AppStore|iPhone
		{78525B9C-1D8D-496C-B70C-9C1C3C76C0DD}.AppStore|ARM.ActiveCfg = AppStore|iPhone
		{78525B9C-1D8D-496C-B70C-9C1C3C76C0DD}.AppStore|iPhone.ActiveCfg = AppStore|iPhone
		{78525B9C-1D8D-496C-B70C-9C1C3C76C0DD}.AppStore|iPhone.Build.0 = AppStore|iPhone
		{78525B9C-1D8D-496C-B70C-9C1C3C76C0DD}.AppStore|iPhoneSimulator.ActiveCfg = AppStore|iPhoneSimulator
		{78525B9C-1D8D-496C-B70C-9C1C3C76C0DD}.AppStore|iPhoneSimulator.Build.0 = AppStore|iPhoneSimulator
		{78525B9C-1D8D-496C-B70C-9C1C3C76C0DD}.AppStore|x64.ActiveCfg = AppStore|iPhone
		{78525B9C-1D8D-496C-B70C-9C1C3C76C0DD}.AppStore|x86.ActiveCfg = AppStore|iPhone
		{78525B9C-1D8D-496C-B70C-9C1C3C76C0DD}.Debug|Any CPU.ActiveCfg = Debug|iPhone
		{78525B9C-1D8D-496C-B70C-9C1C3C76C0DD}.Debug|ARM.ActiveCfg = Debug|iPhone
		{78525B9C-1D8D-496C-B70C-9C1C3C76C0DD}.Debug|iPhone.ActiveCfg = Debug|iPhone
		{78525B9C-1D8D-496C-B70C-9C1C3C76C0DD}.Debug|iPhone.Build.0 = Debug|iPhone
		{78525B9C-1D8D-496C-B70C-9C1C3C76C0DD}.Debug|iPhoneSimulator.ActiveCfg = Debug|iPhoneSimulator
		{78525B9C-1D8D-496C-B70C-9C1C3C76C0DD}.Debug|iPhoneSimulator.Build.0 = Debug|iPhoneSimulator
		{78525B9C-1D8D-496C-B70C-9C1C3C76C0DD}.Debug|x64.ActiveCfg = Debug|iPhone
		{78525B9C-1D8D-496C-B70C-9C1C3C76C0DD}.Debug|x86.ActiveCfg = Debug|iPhone
		{78525B9C-1D8D-496C-B70C-9C1C3C76C0DD}.Release|Any CPU.ActiveCfg = Release|iPhone
		{78525B9C-1D8D-496C-B70C-9C1C3C76C0DD}.Release|ARM.ActiveCfg = Release|iPhone
		{78525B9C-1D8D-496C-B70C-9C1C3C76C0DD}.Release|iPhone.ActiveCfg = Release|iPhone
		{78525B9C-1D8D-496C-B70C-9C1C3C76C0DD}.Release|iPhone.Build.0 = Release|iPhone
		{78525B9C-1D8D-496C-B70C-9C1C3C76C0DD}.Release|iPhoneSimulator.ActiveCfg = Release|iPhoneSimulator
		{78525B9C-1D8D-496C-B70C-9C1C3C76C0DD}.Release|iPhoneSimulator.Build.0 = Release|iPhoneSimulator
		{78525B9C-1D8D-496C-B70C-9C1C3C76C0DD}.Release|x64.ActiveCfg = Release|iPhone
		{78525B9C-1D8D-496C-B70C-9C1C3C76C0DD}.Release|x86.ActiveCfg = Release|iPhone
	EndGlobalSection
	GlobalSection(SolutionProperties) = preSolution
		HideSolutionNode = FALSE
	EndGlobalSection
EndGlobal
